
Microsoft Visual Studio Solution File, Format Version 12.00
# Visual Studio Version 17
VisualStudioVersion = 17.3.32929.385
MinimumVisualStudioVersion = 10.0.40219.1
Project("{9A19103F-16F7-4668-BE54-9A1E7A4F7556}") = "WpfMVAraujoWebsites", "WpfMVAraujoWebsites.csproj", "{DA72663C-0073-47AE-B13A-DA11C7A70704}"
EndProject
Project("{FAE04EC0-301F-11D3-BF4B-00C04F79EFBC}") = "WpfMVAraujoWebsites.Data", "..\WpfMVAraujoWebsites.Data\WpfMVAraujoWebsites.Data.csproj", "{7B945352-C264-4030-A633-83F101039554}"
EndProject
Global
	GlobalSection(SolutionConfigurationPlatforms) = preSolution
		Debug|Any CPU = Debug|Any CPU
		Release|Any CPU = Release|Any CPU
	EndGlobalSection
	GlobalSection(ProjectConfigurationPlatforms) = postSolution
		{DA72663C-0073-47AE-B13A-DA11C7A70704}.Debug|Any CPU.ActiveCfg = Debug|Any CPU
		{DA72663C-0073-47AE-B13A-DA11C7A70704}.Debug|Any CPU.Build.0 = Debug|Any CPU
		{DA72663C-0073-47AE-B13A-DA11C7A70704}.Release|Any CPU.ActiveCfg = Release|Any CPU
		{DA72663C-0073-47AE-B13A-DA11C7A70704}.Release|Any CPU.Build.0 = Release|Any CPU
		{7B945352-C264-4030-A633-83F101039554}.Debug|Any CPU.ActiveCfg = Debug|Any CPU
		{7B945352-C264-4030-A633-83F101039554}.Debug|Any CPU.Build.0 = Debug|Any CPU
		{7B945352-C264-4030-A633-83F101039554}.Release|Any CPU.ActiveCfg = Release|Any CPU
		{7B945352-C264-4030-A633-83F101039554}.Release|Any CPU.Build.0 = Release|Any CPU
	EndGlobalSection
	GlobalSection(SolutionProperties) = preSolution
		HideSolutionNode = FALSE
	EndGlobalSection
	GlobalSection(ExtensibilityGlobals) = postSolution
		SolutionGuid = {0E37E017-F570-423C-B250-B1017002A8EB}
	EndGlobalSection
EndGlobal
